
Microsoft Visual Studio Solution File, Format Version 12.00
# Visual Studio Version 16
VisualStudioVersion = 16.0.33027.164
MinimumVisualStudioVersion = 10.0.40219.1
Project("{9A19103F-16F7-4668-BE54-9A1E7A4F7556}") = "InventoryHub", "InventoryHub\InventoryHub.csproj", "{3CD42768-367C-4E30-BCF7-268316FB65D0}"
EndProject
Project("{9A19103F-16F7-4668-BE54-9A1E7A4F7556}") = "InventoryHubUI", "InventoryHubUI\InventoryHubUI.csproj", "{4F6E1D40-F4EE-44E7-969A-C4F46B5C1145}"
EndProject
Global
	GlobalSection(SolutionConfigurationPlatforms) = preSolution
		Debug|Any CPU = Debug|Any CPU
		Release|Any CPU = Release|Any CPU
	EndGlobalSection
	GlobalSection(ProjectConfigurationPlatforms) = postSolution
		{3CD42768-367C-4E30-BCF7-268316FB65D0}.Debug|Any CPU.ActiveCfg = Debug|Any CPU
		{3CD42768-367C-4E30-BCF7-268316FB65D0}.Debug|Any CPU.Build.0 = Debug|Any CPU
		{3CD42768-367C-4E30-BCF7-268316FB65D0}.Release|Any CPU.ActiveCfg = Release|Any CPU
		{3CD42768-367C-4E30-BCF7-268316FB65D0}.Release|Any CPU.Build.0 = Release|Any CPU
		{4F6E1D40-F4EE-44E7-969A-C4F46B5C1145}.Debug|Any CPU.ActiveCfg = Debug|Any CPU
		{4F6E1D40-F4EE-44E7-969A-C4F46B5C1145}.Debug|Any CPU.Build.0 = Debug|Any CPU
		{4F6E1D40-F4EE-44E7-969A-C4F46B5C1145}.Release|Any CPU.ActiveCfg = Release|Any CPU
		{4F6E1D40-F4EE-44E7-969A-C4F46B5C1145}.Release|Any CPU.Build.0 = Release|Any CPU
	EndGlobalSection
	GlobalSection(SolutionProperties) = preSolution
		HideSolutionNode = FALSE
	EndGlobalSection
	GlobalSection(ExtensibilityGlobals) = postSolution
		SolutionGuid = {CA572EC7-A3F6-49CD-998F-B94DAFCFB401}
	EndGlobalSection
EndGlobal
